
Microsoft Visual Studio Solution File, Format Version 12.00
# Visual Studio Version 17
VisualStudioVersion = 17.2.32630.192
MinimumVisualStudioVersion = 10.0.40219.1
Project("{FAE04EC0-301F-11D3-BF4B-00C04F79EFBC}") = "MazeGame", "MazeGame\MazeGame.csproj", "{BA460895-BDC3-4D73-AE97-620AFCACAA94}"
EndProject
Global
	GlobalSection(SolutionConfigurationPlatforms) = preSolution
		Debug|Any CPU = Debug|Any CPU
		Release|Any CPU = Release|Any CPU
	EndGlobalSection
	GlobalSection(ProjectConfigurationPlatforms) = postSolution
		{BA460895-BDC3-4D73-AE97-620AFCACAA94}.Debug|Any CPU.ActiveCfg = Debug|Any CPU
		{BA460895-BDC3-4D73-AE97-620AFCACAA94}.Debug|Any CPU.Build.0 = Debug|Any CPU
		{BA460895-BDC3-4D73-AE97-620AFCACAA94}.Release|Any CPU.ActiveCfg = Release|Any CPU
		{BA460895-BDC3-4D73-AE97-620AFCACAA94}.Release|Any CPU.Build.0 = Release|Any CPU
	EndGlobalSection
	GlobalSection(SolutionProperties) = preSolution
		HideSolutionNode = FALSE
	EndGlobalSection
	GlobalSection(ExtensibilityGlobals) = postSolution
		SolutionGuid = {D949D027-FE21-4D41-8C06-B2F81243D803}
	EndGlobalSection
EndGlobal
